
Microsoft Visual Studio Solution File, Format Version 12.00
# Visual Studio 14
VisualStudioVersion = 14.0.25420.1
MinimumVisualStudioVersion = 10.0.40219.1
Project("{FAE04EC0-301F-11D3-BF4B-00C04F79EFBC}") = "Albite.Core", "Albite.Core\Albite.Core\Albite.Core.csproj", "{9809143A-01AE-4D29-810E-EB39843DF112}"
EndProject
Project("{FAE04EC0-301F-11D3-BF4B-00C04F79EFBC}") = "Albite.Core.Test.Windows", "Albite.Core\Albite.Core.Test.Windows\Albite.Core.Test.Windows.csproj", "{4786E273-75EE-4139-8AC8-92BB5E57DA9F}"
EndProject
Global
	GlobalSection(SolutionConfigurationPlatforms) = preSolution
		Debug|Any CPU = Debug|Any CPU
		Release|Any CPU = Release|Any CPU
	EndGlobalSection
	GlobalSection(ProjectConfigurationPlatforms) = postSolution
		{9809143A-01AE-4D29-810E-EB39843DF112}.Debug|Any CPU.ActiveCfg = Debug|Any CPU
		{9809143A-01AE-4D29-810E-EB39843DF112}.Debug|Any CPU.Build.0 = Debug|Any CPU
		{9809143A-01AE-4D29-810E-EB39843DF112}.Release|Any CPU.ActiveCfg = Release|Any CPU
		{9809143A-01AE-4D29-810E-EB39843DF112}.Release|Any CPU.Build.0 = Release|Any CPU
		{4786E273-75EE-4139-8AC8-92BB5E57DA9F}.Debug|Any CPU.ActiveCfg = Debug|Any CPU
		{4786E273-75EE-4139-8AC8-92BB5E57DA9F}.Debug|Any CPU.Build.0 = Debug|Any CPU
		{4786E273-75EE-4139-8AC8-92BB5E57DA9F}.Debug|Any CPU.Deploy.0 = Debug|Any CPU
		{4786E273-75EE-4139-8AC8-92BB5E57DA9F}.Release|Any CPU.ActiveCfg = Release|Any CPU
		{4786E273-75EE-4139-8AC8-92BB5E57DA9F}.Release|Any CPU.Build.0 = Release|Any CPU
		{4786E273-75EE-4139-8AC8-92BB5E57DA9F}.Release|Any CPU.Deploy.0 = Release|Any CPU
	EndGlobalSection
	GlobalSection(SolutionProperties) = preSolution
		HideSolutionNode = FALSE
	EndGlobalSection
EndGlobal
