
Microsoft Visual Studio Solution File, Format Version 12.00
# Visual Studio 14
VisualStudioVersion = 14.0.25420.1
MinimumVisualStudioVersion = 10.0.40219.1
Project("{FAE04EC0-301F-11D3-BF4B-00C04F79EFBC}") = "Albite.Core", "Albite.Core\Albite.Core\Albite.Core.csproj", "{9809143A-01AE-4D29-810E-EB39843DF112}"
EndProject
Project("{FAE04EC0-301F-11D3-BF4B-00C04F79EFBC}") = "Albite.Serialization", "Albite.Serialization\Albite.Serialization\Albite.Serialization.csproj", "{20290E22-DD14-4B3D-BAC9-DCF33705A1C9}"
EndProject
Project("{FAE04EC0-301F-11D3-BF4B-00C04F79EFBC}") = "Albite.Serialization.Test.Windows", "Albite.Serialization\Albite.Serialization.Test.Windows\Albite.Serialization.Test.Windows.csproj", "{38A84701-6429-4096-9C9F-1CD5482A4C7E}"
EndProject
Global
	GlobalSection(SolutionConfigurationPlatforms) = preSolution
		Debug Serialization|Any CPU = Debug Serialization|Any CPU
		Debug Serialization|ARM = Debug Serialization|ARM
		Debug Serialization|x64 = Debug Serialization|x64
		Debug Serialization|x86 = Debug Serialization|x86
		Debug|Any CPU = Debug|Any CPU
		Debug|ARM = Debug|ARM
		Debug|x64 = Debug|x64
		Debug|x86 = Debug|x86
		Release|Any CPU = Release|Any CPU
		Release|ARM = Release|ARM
		Release|x64 = Release|x64
		Release|x86 = Release|x86
	EndGlobalSection
	GlobalSection(ProjectConfigurationPlatforms) = postSolution
		{9809143A-01AE-4D29-810E-EB39843DF112}.Debug Serialization|Any CPU.ActiveCfg = Debug|Any CPU
		{9809143A-01AE-4D29-810E-EB39843DF112}.Debug Serialization|Any CPU.Build.0 = Debug|Any CPU
		{9809143A-01AE-4D29-810E-EB39843DF112}.Debug Serialization|ARM.ActiveCfg = Debug|Any CPU
		{9809143A-01AE-4D29-810E-EB39843DF112}.Debug Serialization|ARM.Build.0 = Debug|Any CPU
		{9809143A-01AE-4D29-810E-EB39843DF112}.Debug Serialization|x64.ActiveCfg = Debug|Any CPU
		{9809143A-01AE-4D29-810E-EB39843DF112}.Debug Serialization|x64.Build.0 = Debug|Any CPU
		{9809143A-01AE-4D29-810E-EB39843DF112}.Debug Serialization|x86.ActiveCfg = Debug|Any CPU
		{9809143A-01AE-4D29-810E-EB39843DF112}.Debug Serialization|x86.Build.0 = Debug|Any CPU
		{9809143A-01AE-4D29-810E-EB39843DF112}.Debug|Any CPU.ActiveCfg = Debug|Any CPU
		{9809143A-01AE-4D29-810E-EB39843DF112}.Debug|Any CPU.Build.0 = Debug|Any CPU
		{9809143A-01AE-4D29-810E-EB39843DF112}.Debug|ARM.ActiveCfg = Debug|Any CPU
		{9809143A-01AE-4D29-810E-EB39843DF112}.Debug|ARM.Build.0 = Debug|Any CPU
		{9809143A-01AE-4D29-810E-EB39843DF112}.Debug|x64.ActiveCfg = Debug|Any CPU
		{9809143A-01AE-4D29-810E-EB39843DF112}.Debug|x64.Build.0 = Debug|Any CPU
		{9809143A-01AE-4D29-810E-EB39843DF112}.Debug|x86.ActiveCfg = Debug|Any CPU
		{9809143A-01AE-4D29-810E-EB39843DF112}.Debug|x86.Build.0 = Debug|Any CPU
		{9809143A-01AE-4D29-810E-EB39843DF112}.Release|Any CPU.ActiveCfg = Release|Any CPU
		{9809143A-01AE-4D29-810E-EB39843DF112}.Release|Any CPU.Build.0 = Release|Any CPU
		{9809143A-01AE-4D29-810E-EB39843DF112}.Release|ARM.ActiveCfg = Release|Any CPU
		{9809143A-01AE-4D29-810E-EB39843DF112}.Release|ARM.Build.0 = Release|Any CPU
		{9809143A-01AE-4D29-810E-EB39843DF112}.Release|x64.ActiveCfg = Release|Any CPU
		{9809143A-01AE-4D29-810E-EB39843DF112}.Release|x64.Build.0 = Release|Any CPU
		{9809143A-01AE-4D29-810E-EB39843DF112}.Release|x86.ActiveCfg = Release|Any CPU
		{9809143A-01AE-4D29-810E-EB39843DF112}.Release|x86.Build.0 = Release|Any CPU
		{20290E22-DD14-4B3D-BAC9-DCF33705A1C9}.Debug Serialization|Any CPU.ActiveCfg = Debug Serialization|Any CPU
		{20290E22-DD14-4B3D-BAC9-DCF33705A1C9}.Debug Serialization|Any CPU.Build.0 = Debug Serialization|Any CPU
		{20290E22-DD14-4B3D-BAC9-DCF33705A1C9}.Debug Serialization|ARM.ActiveCfg = Debug Serialization|Any CPU
		{20290E22-DD14-4B3D-BAC9-DCF33705A1C9}.Debug Serialization|ARM.Build.0 = Debug Serialization|Any CPU
		{20290E22-DD14-4B3D-BAC9-DCF33705A1C9}.Debug Serialization|x64.ActiveCfg = Debug Serialization|Any CPU
		{20290E22-DD14-4B3D-BAC9-DCF33705A1C9}.Debug Serialization|x64.Build.0 = Debug Serialization|Any CPU
		{20290E22-DD14-4B3D-BAC9-DCF33705A1C9}.Debug Serialization|x86.ActiveCfg = Debug Serialization|Any CPU
		{20290E22-DD14-4B3D-BAC9-DCF33705A1C9}.Debug Serialization|x86.Build.0 = Debug Serialization|Any CPU
		{20290E22-DD14-4B3D-BAC9-DCF33705A1C9}.Debug|Any CPU.ActiveCfg = Debug|Any CPU
		{20290E22-DD14-4B3D-BAC9-DCF33705A1C9}.Debug|Any CPU.Build.0 = Debug|Any CPU
		{20290E22-DD14-4B3D-BAC9-DCF33705A1C9}.Debug|ARM.ActiveCfg = Debug|Any CPU
		{20290E22-DD14-4B3D-BAC9-DCF33705A1C9}.Debug|ARM.Build.0 = Debug|Any CPU
		{20290E22-DD14-4B3D-BAC9-DCF33705A1C9}.Debug|x64.ActiveCfg = Debug|Any CPU
		{20290E22-DD14-4B3D-BAC9-DCF33705A1C9}.Debug|x64.Build.0 = Debug|Any CPU
		{20290E22-DD14-4B3D-BAC9-DCF33705A1C9}.Debug|x86.ActiveCfg = Debug|Any CPU
		{20290E22-DD14-4B3D-BAC9-DCF33705A1C9}.Debug|x86.Build.0 = Debug|Any CPU
		{20290E22-DD14-4B3D-BAC9-DCF33705A1C9}.Release|Any CPU.ActiveCfg = Release|Any CPU
		{20290E22-DD14-4B3D-BAC9-DCF33705A1C9}.Release|Any CPU.Build.0 = Release|Any CPU
		{20290E22-DD14-4B3D-BAC9-DCF33705A1C9}.Release|ARM.ActiveCfg = Release|Any CPU
		{20290E22-DD14-4B3D-BAC9-DCF33705A1C9}.Release|ARM.Build.0 = Release|Any CPU
		{20290E22-DD14-4B3D-BAC9-DCF33705A1C9}.Release|x64.ActiveCfg = Release|Any CPU
		{20290E22-DD14-4B3D-BAC9-DCF33705A1C9}.Release|x64.Build.0 = Release|Any CPU
		{20290E22-DD14-4B3D-BAC9-DCF33705A1C9}.Release|x86.ActiveCfg = Release|Any CPU
		{20290E22-DD14-4B3D-BAC9-DCF33705A1C9}.Release|x86.Build.0 = Release|Any CPU
		{38A84701-6429-4096-9C9F-1CD5482A4C7E}.Debug Serialization|Any CPU.ActiveCfg = Debug Serialization|Any CPU
		{38A84701-6429-4096-9C9F-1CD5482A4C7E}.Debug Serialization|Any CPU.Build.0 = Debug Serialization|Any CPU
		{38A84701-6429-4096-9C9F-1CD5482A4C7E}.Debug Serialization|Any CPU.Deploy.0 = Debug Serialization|Any CPU
		{38A84701-6429-4096-9C9F-1CD5482A4C7E}.Debug Serialization|ARM.ActiveCfg = Debug Serialization|ARM
		{38A84701-6429-4096-9C9F-1CD5482A4C7E}.Debug Serialization|ARM.Build.0 = Debug Serialization|ARM
		{38A84701-6429-4096-9C9F-1CD5482A4C7E}.Debug Serialization|ARM.Deploy.0 = Debug Serialization|ARM
		{38A84701-6429-4096-9C9F-1CD5482A4C7E}.Debug Serialization|x64.ActiveCfg = Debug Serialization|x64
		{38A84701-6429-4096-9C9F-1CD5482A4C7E}.Debug Serialization|x64.Build.0 = Debug Serialization|x64
		{38A84701-6429-4096-9C9F-1CD5482A4C7E}.Debug Serialization|x64.Deploy.0 = Debug Serialization|x64
		{38A84701-6429-4096-9C9F-1CD5482A4C7E}.Debug Serialization|x86.ActiveCfg = Debug Serialization|x86
		{38A84701-6429-4096-9C9F-1CD5482A4C7E}.Debug Serialization|x86.Build.0 = Debug Serialization|x86
		{38A84701-6429-4096-9C9F-1CD5482A4C7E}.Debug Serialization|x86.Deploy.0 = Debug Serialization|x86
		{38A84701-6429-4096-9C9F-1CD5482A4C7E}.Debug|Any CPU.ActiveCfg = Debug|Any CPU
		{38A84701-6429-4096-9C9F-1CD5482A4C7E}.Debug|Any CPU.Build.0 = Debug|Any CPU
		{38A84701-6429-4096-9C9F-1CD5482A4C7E}.Debug|Any CPU.Deploy.0 = Debug|Any CPU
		{38A84701-6429-4096-9C9F-1CD5482A4C7E}.Debug|ARM.ActiveCfg = Debug|ARM
		{38A84701-6429-4096-9C9F-1CD5482A4C7E}.Debug|ARM.Build.0 = Debug|ARM
		{38A84701-6429-4096-9C9F-1CD5482A4C7E}.Debug|ARM.Deploy.0 = Debug|ARM
		{38A84701-6429-4096-9C9F-1CD5482A4C7E}.Debug|x64.ActiveCfg = Debug|x64
		{38A84701-6429-4096-9C9F-1CD5482A4C7E}.Debug|x64.Build.0 = Debug|x64
		{38A84701-6429-4096-9C9F-1CD5482A4C7E}.Debug|x64.Deploy.0 = Debug|x64
		{38A84701-6429-4096-9C9F-1CD5482A4C7E}.Debug|x86.ActiveCfg = Debug|x86
		{38A84701-6429-4096-9C9F-1CD5482A4C7E}.Debug|x86.Build.0 = Debug|x86
		{38A84701-6429-4096-9C9F-1CD5482A4C7E}.Debug|x86.Deploy.0 = Debug|x86
		{38A84701-6429-4096-9C9F-1CD5482A4C7E}.Release|Any CPU.ActiveCfg = Release|Any CPU
		{38A84701-6429-4096-9C9F-1CD5482A4C7E}.Release|Any CPU.Build.0 = Release|Any CPU
		{38A84701-6429-4096-9C9F-1CD5482A4C7E}.Release|Any CPU.Deploy.0 = Release|Any CPU
		{38A84701-6429-4096-9C9F-1CD5482A4C7E}.Release|ARM.ActiveCfg = Release|ARM
		{38A84701-6429-4096-9C9F-1CD5482A4C7E}.Release|ARM.Build.0 = Release|ARM
		{38A84701-6429-4096-9C9F-1CD5482A4C7E}.Release|ARM.Deploy.0 = Release|ARM
		{38A84701-6429-4096-9C9F-1CD5482A4C7E}.Release|x64.ActiveCfg = Release|x64
		{38A84701-6429-4096-9C9F-1CD5482A4C7E}.Release|x64.Build.0 = Release|x64
		{38A84701-6429-4096-9C9F-1CD5482A4C7E}.Release|x64.Deploy.0 = Release|x64
		{38A84701-6429-4096-9C9F-1CD5482A4C7E}.Release|x86.ActiveCfg = Release|x86
		{38A84701-6429-4096-9C9F-1CD5482A4C7E}.Release|x86.Build.0 = Release|x86
		{38A84701-6429-4096-9C9F-1CD5482A4C7E}.Release|x86.Deploy.0 = Release|x86
	EndGlobalSection
	GlobalSection(SolutionProperties) = preSolution
		HideSolutionNode = FALSE
	EndGlobalSection
EndGlobal
